lockfileVersion: '6.0'

settings:
  autoInstallPeers: true
  excludeLinksFromLockfile: false

dependencies:
  '@effect/cli':
    specifier: ^0.67.1
    version: 0.67.1(@effect/platform@0.88.2)(@effect/printer-ansi@0.44.14)(@effect/printer@0.44.14)(effect@3.16.16)
  '@effect/platform':
    specifier: ^0.88.2
    version: 0.88.2(effect@3.16.16)
  '@effect/platform-node':
    specifier: ^0.91.0
    version: 0.91.0(@effect/cluster@0.43.1)(@effect/platform@0.88.2)(@effect/rpc@0.65.2)(@effect/sql@0.42.0)(effect@3.16.16)
  '@inquirer/prompts':
    specifier: ^7.6.0
    version: 7.6.0
  '@linear/sdk':
    specifier: ^52.0.0
    version: 52.0.0
  clipboardy:
    specifier: ^4.0.0
    version: 4.0.0
  effect:
    specifier: ^3.16.16
    version: 3.16.16
  fast-fuzzy:
    specifier: ^1.12.0
    version: 1.12.0
  typescript:
    specifier: ^5
    version: 5.8.3

devDependencies:
  '@types/bun':
    specifier: latest
    version: 1.2.18(@types/react@19.1.8)

packages:

  /@effect/cli@0.67.1(@effect/platform@0.88.2)(@effect/printer-ansi@0.44.14)(@effect/printer@0.44.14)(effect@3.16.16):
    resolution: {integrity: sha512-+Dg3z2KqMjrynSESZL9dApXpj6sJdUuYRjZ8KFgso52F6uqlM/5RKZiHOG3eHK6mrsOC0jgX+qsUMO46F8l9zw==}
    peerDependencies:
      '@effect/platform': ^0.88.1
      '@effect/printer': ^0.44.14
      '@effect/printer-ansi': ^0.44.14
      effect: ^3.16.14
    dependencies:
      '@effect/platform': 0.88.2(effect@3.16.16)
      '@effect/printer': 0.44.14(@effect/typeclass@0.35.14)(effect@3.16.16)
      '@effect/printer-ansi': 0.44.14(@effect/typeclass@0.35.14)(effect@3.16.16)
      effect: 3.16.16
      ini: 4.1.3
      toml: 3.0.0
      yaml: 2.8.0
    dev: false

  /@effect/cluster@0.43.1(@effect/platform@0.88.2)(@effect/rpc@0.65.2)(@effect/sql@0.42.0)(@effect/workflow@0.5.1)(effect@3.16.16):
    resolution: {integrity: sha512-BbEOYTooynjIYDc2hy570S0BtoPA3TsWiGfOaCvOhB3ErL/83o8YeSrncHgKwWGCfsCrW9Rbkb+i+YV0qWx7vg==}
    peerDependencies:
      '@effect/platform': ^0.88.1
      '@effect/rpc': ^0.65.2
      '@effect/sql': ^0.42.0
      '@effect/workflow': ^0.5.1
      effect: ^3.16.16
    dependencies:
      '@effect/platform': 0.88.2(effect@3.16.16)
      '@effect/rpc': 0.65.2(@effect/platform@0.88.2)(effect@3.16.16)
      '@effect/sql': 0.42.0(@effect/experimental@0.52.2)(@effect/platform@0.88.2)(effect@3.16.16)
      '@effect/workflow': 0.5.1(@effect/platform@0.88.2)(@effect/rpc@0.65.2)(effect@3.16.16)
      effect: 3.16.16
    dev: false

  /@effect/experimental@0.52.2(@effect/platform@0.88.2)(effect@3.16.16):
    resolution: {integrity: sha512-CotYjNLYvSAsYYwTE1/NUr/XkiupoYi941lq3NWGrJrYWov3T6v3Gg2om/n29/WqoMYpnFn0ka2AixTWhcq9dg==}
    peerDependencies:
      '@effect/platform': ^0.88.1
      effect: ^3.16.14
      ioredis: ^5
      lmdb: ^3
    peerDependenciesMeta:
      ioredis:
        optional: true
      lmdb:
        optional: true
    dependencies:
      '@effect/platform': 0.88.2(effect@3.16.16)
      effect: 3.16.16
      uuid: 11.1.0
    dev: false

  /@effect/platform-node-shared@0.44.0(@effect/cluster@0.43.1)(@effect/platform@0.88.2)(@effect/rpc@0.65.2)(@effect/sql@0.42.0)(effect@3.16.16):
    resolution: {integrity: sha512-UvMExEu5TUdlzJRe2O87K8+ttie0VfA26J/82uAXCAMCmi139EQvzBEbX7yE1iYIruH9CmypKXKFLU61VxSlnw==}
    peerDependencies:
      '@effect/cluster': ^0.43.0
      '@effect/platform': ^0.88.1
      '@effect/rpc': ^0.65.1
      '@effect/sql': ^0.42.0
      effect: ^3.16.14
    dependencies:
      '@effect/cluster': 0.43.1(@effect/platform@0.88.2)(@effect/rpc@0.65.2)(@effect/sql@0.42.0)(@effect/workflow@0.5.1)(effect@3.16.16)
      '@effect/platform': 0.88.2(effect@3.16.16)
      '@effect/rpc': 0.65.2(@effect/platform@0.88.2)(effect@3.16.16)
      '@effect/sql': 0.42.0(@effect/experimental@0.52.2)(@effect/platform@0.88.2)(effect@3.16.16)
      '@parcel/watcher': 2.5.1
      effect: 3.16.16
      multipasta: 0.2.7
      ws: 8.18.3
    transitivePeerDependencies:
      - bufferutil
      - utf-8-validate
    dev: false

  /@effect/platform-node@0.91.0(@effect/cluster@0.43.1)(@effect/platform@0.88.2)(@effect/rpc@0.65.2)(@effect/sql@0.42.0)(effect@3.16.16):
    resolution: {integrity: sha512-oHDcCilVLX1YEK6u0ukaNuYb03wLaCUTlws5JaGXsBjjdMlf3+bEW9i30bKFmf+B+uXheflf8X3MyZ3p94sXZA==}
    peerDependencies:
      '@effect/cluster': ^0.43.0
      '@effect/platform': ^0.88.1
      '@effect/rpc': ^0.65.1
      '@effect/sql': ^0.42.0
      effect: ^3.16.14
    dependencies:
      '@effect/cluster': 0.43.1(@effect/platform@0.88.2)(@effect/rpc@0.65.2)(@effect/sql@0.42.0)(@effect/workflow@0.5.1)(effect@3.16.16)
      '@effect/platform': 0.88.2(effect@3.16.16)
      '@effect/platform-node-shared': 0.44.0(@effect/cluster@0.43.1)(@effect/platform@0.88.2)(@effect/rpc@0.65.2)(@effect/sql@0.42.0)(effect@3.16.16)
      '@effect/rpc': 0.65.2(@effect/platform@0.88.2)(effect@3.16.16)
      '@effect/sql': 0.42.0(@effect/experimental@0.52.2)(@effect/platform@0.88.2)(effect@3.16.16)
      effect: 3.16.16
      mime: 3.0.0
      undici: 7.11.0
      ws: 8.18.3
    transitivePeerDependencies:
      - bufferutil
      - utf-8-validate
    dev: false

  /@effect/platform@0.88.2(effect@3.16.16):
    resolution: {integrity: sha512-JnPCfQz1y8ZED2OBxU82iFBT43fXrl26N+PEFtLWn1EedG6C6AwFvwbpFkICF3G2Qj/ZZ153xZaAxtVOPu4WTg==}
    peerDependencies:
      effect: ^3.16.16
    dependencies:
      '@opentelemetry/semantic-conventions': 1.36.0
      effect: 3.16.16
      find-my-way-ts: 0.1.6
      msgpackr: 1.11.5
      multipasta: 0.2.7
    dev: false

  /@effect/printer-ansi@0.44.14(@effect/typeclass@0.35.14)(effect@3.16.16):
    resolution: {integrity: sha512-/AWQ1jDLfRm/Zk/jDlE9uX02Da4A4+4VBhU+huao29CcKsO5JPkJLVWiARutThFoVBmp+m4lVLCHqND/tc2W6A==}
    peerDependencies:
      '@effect/typeclass': ^0.35.14
      effect: ^3.16.14
    dependencies:
      '@effect/printer': 0.44.14(@effect/typeclass@0.35.14)(effect@3.16.16)
      '@effect/typeclass': 0.35.14(effect@3.16.16)
      effect: 3.16.16
    dev: false

  /@effect/printer@0.44.14(@effect/typeclass@0.35.14)(effect@3.16.16):
    resolution: {integrity: sha512-Z9YJbmRG++BJqpR+kmJIlo1XdVGtZXPcHSMKPUiZHkZNtX2dG5Ynk2PwdRiA68sz895Fr1QwdYel8zKorUij/w==}
    peerDependencies:
      '@effect/typeclass': ^0.35.14
      effect: ^3.16.14
    dependencies:
      '@effect/typeclass': 0.35.14(effect@3.16.16)
      effect: 3.16.16
    dev: false

  /@effect/rpc@0.65.2(@effect/platform@0.88.2)(effect@3.16.16):
    resolution: {integrity: sha512-YRd9D5+1k5kniaAFbboEYbMH/jew8LmWMOS0C3s1w5ORqVQ5jggLIW0j3jpz/hofFLCQcNxiuSU1sP/a1k3pUg==}
    peerDependencies:
      '@effect/platform': ^0.88.1
      effect: ^3.16.14
    dependencies:
      '@effect/platform': 0.88.2(effect@3.16.16)
      effect: 3.16.16
    dev: false

  /@effect/sql@0.42.0(@effect/experimental@0.52.2)(@effect/platform@0.88.2)(effect@3.16.16):
    resolution: {integrity: sha512-qZGumAGPcrQA+nRIxSUGewvdIE2vXjhemgGt98pbMqPL87RiI4IOaN0GfI8BhYJQ/AQF0iweMUVSa7yIsVw82Q==}
    peerDependencies:
      '@effect/experimental': ^0.52.1
      '@effect/platform': ^0.88.1
      effect: ^3.16.14
    dependencies:
      '@effect/experimental': 0.52.2(@effect/platform@0.88.2)(effect@3.16.16)
      '@effect/platform': 0.88.2(effect@3.16.16)
      '@opentelemetry/semantic-conventions': 1.36.0
      effect: 3.16.16
      uuid: 11.1.0
    dev: false

  /@effect/typeclass@0.35.14(effect@3.16.16):
    resolution: {integrity: sha512-IYpbpTcqJ/h7v561dV9ZbBXYxCBS7gdIZYCysFl+Yjdi91k5Vj4F12MijJB6tWVT5JB8xgfgAX4vwbotQ7/G6Q==}
    peerDependencies:
      effect: ^3.16.14
    dependencies:
      effect: 3.16.16
    dev: false

  /@effect/workflow@0.5.1(@effect/platform@0.88.2)(@effect/rpc@0.65.2)(effect@3.16.16):
    resolution: {integrity: sha512-xPIMar+EXiOAl7QEhzLteE0CoYbsjtsWventyzzWrF3CvxoWNdZuBKtKx7rnyovNYLUr5FdXHz5mmj1tjamVOg==}
    peerDependencies:
      '@effect/platform': ^0.88.1
      '@effect/rpc': ^0.65.1
      effect: ^3.16.14
    dependencies:
      '@effect/platform': 0.88.2(effect@3.16.16)
      '@effect/rpc': 0.65.2(@effect/platform@0.88.2)(effect@3.16.16)
      effect: 3.16.16
    dev: false

  /@graphql-typed-document-node/core@3.2.0(graphql@15.10.1):
    resolution: {integrity: sha512-mB9oAsNCm9aM3/SOv4YtBMqZbYj10R7dkq8byBqxGY/ncFwhf2oQzMV+LCRlWoDSEBJ3COiR1yeDvMtsoOsuFQ==}
    peerDependencies:
      graphql: ^0.8.0 || ^0.9.0 || ^0.10.0 || ^0.11.0 || ^0.12.0 || ^0.13.0 || ^14.0.0 || ^15.0.0 || ^16.0.0 || ^17.0.0
    dependencies:
      graphql: 15.10.1
    dev: false

  /@inquirer/checkbox@4.1.9:
    resolution: {integrity: sha512-DBJBkzI5Wx4jFaYm221LHvAhpKYkhVS0k9plqHwaHhofGNxvYB7J3Bz8w+bFJ05zaMb0sZNHo4KdmENQFlNTuQ==}
    engines: {node: '>=18'}
    peerDependencies:
      '@types/node': '>=18'
    peerDependenciesMeta:
      '@types/node':
        optional: true
    dependencies:
      '@inquirer/core': 10.1.14
      '@inquirer/figures': 1.0.12
      '@inquirer/type': 3.0.7
      ansi-escapes: 4.3.2
      yoctocolors-cjs: 2.1.2
    dev: false

  /@inquirer/confirm@5.1.13:
    resolution: {integrity: sha512-EkCtvp67ICIVVzjsquUiVSd+V5HRGOGQfsqA4E4vMWhYnB7InUL0pa0TIWt1i+OfP16Gkds8CdIu6yGZwOM1Yw==}
    engines: {node: '>=18'}
    peerDependencies:
      '@types/node': '>=18'
    peerDependenciesMeta:
      '@types/node':
        optional: true
    dependencies:
      '@inquirer/core': 10.1.14
      '@inquirer/type': 3.0.7
    dev: false

  /@inquirer/core@10.1.14:
    resolution: {integrity: sha512-Ma+ZpOJPewtIYl6HZHZckeX1STvDnHTCB2GVINNUlSEn2Am6LddWwfPkIGY0IUFVjUUrr/93XlBwTK6mfLjf0A==}
    engines: {node: '>=18'}
    peerDependencies:
      '@types/node': '>=18'
    peerDependenciesMeta:
      '@types/node':
        optional: true
    dependencies:
      '@inquirer/figures': 1.0.12
      '@inquirer/type': 3.0.7
      ansi-escapes: 4.3.2
      cli-width: 4.1.0
      mute-stream: 2.0.0
      signal-exit: 4.1.0
      wrap-ansi: 6.2.0
      yoctocolors-cjs: 2.1.2
    dev: false

  /@inquirer/editor@4.2.14:
    resolution: {integrity: sha512-yd2qtLl4QIIax9DTMZ1ZN2pFrrj+yL3kgIWxm34SS6uwCr0sIhsNyudUjAo5q3TqI03xx4SEBkUJqZuAInp9uA==}
    engines: {node: '>=18'}
    peerDependencies:
      '@types/node': '>=18'
    peerDependenciesMeta:
      '@types/node':
        optional: true
    dependencies:
      '@inquirer/core': 10.1.14
      '@inquirer/type': 3.0.7
      external-editor: 3.1.0
    dev: false

  /@inquirer/expand@4.0.16:
    resolution: {integrity: sha512-oiDqafWzMtofeJyyGkb1CTPaxUkjIcSxePHHQCfif8t3HV9pHcw1Kgdw3/uGpDvaFfeTluwQtWiqzPVjAqS3zA==}
    engines: {node: '>=18'}
    peerDependencies:
      '@types/node': '>=18'
    peerDependenciesMeta:
      '@types/node':
        optional: true
    dependencies:
      '@inquirer/core': 10.1.14
      '@inquirer/type': 3.0.7
      yoctocolors-cjs: 2.1.2
    dev: false

  /@inquirer/figures@1.0.12:
    resolution: {integrity: sha512-MJttijd8rMFcKJC8NYmprWr6hD3r9Gd9qUC0XwPNwoEPWSMVJwA2MlXxF+nhZZNMY+HXsWa+o7KY2emWYIn0jQ==}
    engines: {node: '>=18'}
    dev: false

  /@inquirer/input@4.2.0:
    resolution: {integrity: sha512-opqpHPB1NjAmDISi3uvZOTrjEEU5CWVu/HBkDby8t93+6UxYX0Z7Ps0Ltjm5sZiEbWenjubwUkivAEYQmy9xHw==}
    engines: {node: '>=18'}
    peerDependencies:
      '@types/node': '>=18'
    peerDependenciesMeta:
      '@types/node':
        optional: true
    dependencies:
      '@inquirer/core': 10.1.14
      '@inquirer/type': 3.0.7
    dev: false

  /@inquirer/number@3.0.16:
    resolution: {integrity: sha512-kMrXAaKGavBEoBYUCgualbwA9jWUx2TjMA46ek+pEKy38+LFpL9QHlTd8PO2kWPUgI/KB+qi02o4y2rwXbzr3Q==}
    engines: {node: '>=18'}
    peerDependencies:
      '@types/node': '>=18'
    peerDependenciesMeta:
      '@types/node':
        optional: true
    dependencies:
      '@inquirer/core': 10.1.14
      '@inquirer/type': 3.0.7
    dev: false

  /@inquirer/password@4.0.16:
    resolution: {integrity: sha512-g8BVNBj5Zeb5/Y3cSN+hDUL7CsIFDIuVxb9EPty3lkxBaYpjL5BNRKSYOF9yOLe+JOcKFd+TSVeADQ4iSY7rbg==}
    engines: {node: '>=18'}
    peerDependencies:
      '@types/node': '>=18'
    peerDependenciesMeta:
      '@types/node':
        optional: true
    dependencies:
      '@inquirer/core': 10.1.14
      '@inquirer/type': 3.0.7
      ansi-escapes: 4.3.2
    dev: false

  /@inquirer/prompts@7.6.0:
    resolution: {integrity: sha512-jAhL7tyMxB3Gfwn4HIJ0yuJ5pvcB5maYUcouGcgd/ub79f9MqZ+aVnBtuFf+VC2GTkCBF+R+eo7Vi63w5VZlzw==}
    engines: {node: '>=18'}
    peerDependencies:
      '@types/node': '>=18'
    peerDependenciesMeta:
      '@types/node':
        optional: true
    dependencies:
      '@inquirer/checkbox': 4.1.9
      '@inquirer/confirm': 5.1.13
      '@inquirer/editor': 4.2.14
      '@inquirer/expand': 4.0.16
      '@inquirer/input': 4.2.0
      '@inquirer/number': 3.0.16
      '@inquirer/password': 4.0.16
      '@inquirer/rawlist': 4.1.4
      '@inquirer/search': 3.0.16
      '@inquirer/select': 4.2.4
    dev: false

  /@inquirer/rawlist@4.1.4:
    resolution: {integrity: sha512-5GGvxVpXXMmfZNtvWw4IsHpR7RzqAR624xtkPd1NxxlV5M+pShMqzL4oRddRkg8rVEOK9fKdJp1jjVML2Lr7TQ==}
    engines: {node: '>=18'}
    peerDependencies:
      '@types/node': '>=18'
    peerDependenciesMeta:
      '@types/node':
        optional: true
    dependencies:
      '@inquirer/core': 10.1.14
      '@inquirer/type': 3.0.7
      yoctocolors-cjs: 2.1.2
    dev: false

  /@inquirer/search@3.0.16:
    resolution: {integrity: sha512-POCmXo+j97kTGU6aeRjsPyuCpQQfKcMXdeTMw708ZMtWrj5aykZvlUxH4Qgz3+Y1L/cAVZsSpA+UgZCu2GMOMg==}
    engines: {node: '>=18'}
    peerDependencies:
      '@types/node': '>=18'
    peerDependenciesMeta:
      '@types/node':
        optional: true
    dependencies:
      '@inquirer/core': 10.1.14
      '@inquirer/figures': 1.0.12
      '@inquirer/type': 3.0.7
      yoctocolors-cjs: 2.1.2
    dev: false

  /@inquirer/select@4.2.4:
    resolution: {integrity: sha512-unTppUcTjmnbl/q+h8XeQDhAqIOmwWYWNyiiP2e3orXrg6tOaa5DHXja9PChCSbChOsktyKgOieRZFnajzxoBg==}
    engines: {node: '>=18'}
    peerDependencies:
      '@types/node': '>=18'
    peerDependenciesMeta:
      '@types/node':
        optional: true
    dependencies:
      '@inquirer/core': 10.1.14
      '@inquirer/figures': 1.0.12
      '@inquirer/type': 3.0.7
      ansi-escapes: 4.3.2
      yoctocolors-cjs: 2.1.2
    dev: false

  /@inquirer/type@3.0.7:
    resolution: {integrity: sha512-PfunHQcjwnju84L+ycmcMKB/pTPIngjUJvfnRhKY6FKPuYXlM4aQCb/nIdTFR6BEhMjFvngzvng/vBAJMZpLSA==}
    engines: {node: '>=18'}
    peerDependencies:
      '@types/node': '>=18'
    peerDependenciesMeta:
      '@types/node':
        optional: true
    dev: false

  /@linear/sdk@52.0.0:
    resolution: {integrity: sha512-Dd8fPBcMa0E3Az8v2mICyAjCMF5169dx1TDhF6LrWZbQCeg3xXkL7uZUuvljC79XmK1cG/IRj+iHE0ekepMkUw==}
    engines: {node: '>=12.x', yarn: 1.x}
    dependencies:
      '@graphql-typed-document-node/core': 3.2.0(graphql@15.10.1)
      graphql: 15.10.1
      isomorphic-unfetch: 3.1.0
    transitivePeerDependencies:
      - encoding
    dev: false

  /@msgpackr-extract/msgpackr-extract-darwin-arm64@3.0.3:
    resolution: {integrity: sha512-QZHtlVgbAdy2zAqNA9Gu1UpIuI8Xvsd1v8ic6B2pZmeFnFcMWiPLfWXh7TVw4eGEZ/C9TH281KwhVoeQUKbyjw==}
    cpu: [arm64]
    os: [darwin]
    requiresBuild: true
    dev: false
    optional: true

  /@msgpackr-extract/msgpackr-extract-darwin-x64@3.0.3:
    resolution: {integrity: sha512-mdzd3AVzYKuUmiWOQ8GNhl64/IoFGol569zNRdkLReh6LRLHOXxU4U8eq0JwaD8iFHdVGqSy4IjFL4reoWCDFw==}
    cpu: [x64]
    os: [darwin]
    requiresBuild: true
    dev: false
    optional: true

  /@msgpackr-extract/msgpackr-extract-linux-arm64@3.0.3:
    resolution: {integrity: sha512-YxQL+ax0XqBJDZiKimS2XQaf+2wDGVa1enVRGzEvLLVFeqa5kx2bWbtcSXgsxjQB7nRqqIGFIcLteF/sHeVtQg==}
    cpu: [arm64]
    os: [linux]
    requiresBuild: true
    dev: false
    optional: true

  /@msgpackr-extract/msgpackr-extract-linux-arm@3.0.3:
    resolution: {integrity: sha512-fg0uy/dG/nZEXfYilKoRe7yALaNmHoYeIoJuJ7KJ+YyU2bvY8vPv27f7UKhGRpY6euFYqEVhxCFZgAUNQBM3nw==}
    cpu: [arm]
    os: [linux]
    requiresBuild: true
    dev: false
    optional: true

  /@msgpackr-extract/msgpackr-extract-linux-x64@3.0.3:
    resolution: {integrity: sha512-cvwNfbP07pKUfq1uH+S6KJ7dT9K8WOE4ZiAcsrSes+UY55E/0jLYc+vq+DO7jlmqRb5zAggExKm0H7O/CBaesg==}
    cpu: [x64]
    os: [linux]
    requiresBuild: true
    dev: false
    optional: true

  /@msgpackr-extract/msgpackr-extract-win32-x64@3.0.3:
    resolution: {integrity: sha512-x0fWaQtYp4E6sktbsdAqnehxDgEc/VwM7uLsRCYWaiGu0ykYdZPiS8zCWdnjHwyiumousxfBm4SO31eXqwEZhQ==}
    cpu: [x64]
    os: [win32]
    requiresBuild: true
    dev: false
    optional: true

  /@opentelemetry/semantic-conventions@1.36.0:
    resolution: {integrity: sha512-TtxJSRD8Ohxp6bKkhrm27JRHAxPczQA7idtcTOMYI+wQRRrfgqxHv1cFbCApcSnNjtXkmzFozn6jQtFrOmbjPQ==}
    engines: {node: '>=14'}
    dev: false

  /@parcel/watcher-android-arm64@2.5.1:
    resolution: {integrity: sha512-KF8+j9nNbUN8vzOFDpRMsaKBHZ/mcjEjMToVMJOhTozkDonQFFrRcfdLWn6yWKCmJKmdVxSgHiYvTCef4/qcBA==}
    engines: {node: '>= 10.0.0'}
    cpu: [arm64]
    os: [android]
    requiresBuild: true
    dev: false
    optional: true

  /@parcel/watcher-darwin-arm64@2.5.1:
    resolution: {integrity: sha512-eAzPv5osDmZyBhou8PoF4i6RQXAfeKL9tjb3QzYuccXFMQU0ruIc/POh30ePnaOyD1UXdlKguHBmsTs53tVoPw==}
    engines: {node: '>= 10.0.0'}
    cpu: [arm64]
    os: [darwin]
    requiresBuild: true
    dev: false
    optional: true

  /@parcel/watcher-darwin-x64@2.5.1:
    resolution: {integrity: sha512-1ZXDthrnNmwv10A0/3AJNZ9JGlzrF82i3gNQcWOzd7nJ8aj+ILyW1MTxVk35Db0u91oD5Nlk9MBiujMlwmeXZg==}
    engines: {node: '>= 10.0.0'}
    cpu: [x64]
    os: [darwin]
    requiresBuild: true
    dev: false
    optional: true

  /@parcel/watcher-freebsd-x64@2.5.1:
    resolution: {integrity: sha512-SI4eljM7Flp9yPuKi8W0ird8TI/JK6CSxju3NojVI6BjHsTyK7zxA9urjVjEKJ5MBYC+bLmMcbAWlZ+rFkLpJQ==}
    engines: {node: '>= 10.0.0'}
    cpu: [x64]
    os: [freebsd]
    requiresBuild: true
    dev: false
    optional: true

  /@parcel/watcher-linux-arm-glibc@2.5.1:
    resolution: {integrity: sha512-RCdZlEyTs8geyBkkcnPWvtXLY44BCeZKmGYRtSgtwwnHR4dxfHRG3gR99XdMEdQ7KeiDdasJwwvNSF5jKtDwdA==}
    engines: {node: '>= 10.0.0'}
    cpu: [arm]
    os: [linux]
    requiresBuild: true
    dev: false
    optional: true

  /@parcel/watcher-linux-arm-musl@2.5.1:
    resolution: {integrity: sha512-6E+m/Mm1t1yhB8X412stiKFG3XykmgdIOqhjWj+VL8oHkKABfu/gjFj8DvLrYVHSBNC+/u5PeNrujiSQ1zwd1Q==}
    engines: {node: '>= 10.0.0'}
    cpu: [arm]
    os: [linux]
    requiresBuild: true
    dev: false
    optional: true

  /@parcel/watcher-linux-arm64-glibc@2.5.1:
    resolution: {integrity: sha512-LrGp+f02yU3BN9A+DGuY3v3bmnFUggAITBGriZHUREfNEzZh/GO06FF5u2kx8x+GBEUYfyTGamol4j3m9ANe8w==}
    engines: {node: '>= 10.0.0'}
    cpu: [arm64]
    os: [linux]
    requiresBuild: true
    dev: false
    optional: true

  /@parcel/watcher-linux-arm64-musl@2.5.1:
    resolution: {integrity: sha512-cFOjABi92pMYRXS7AcQv9/M1YuKRw8SZniCDw0ssQb/noPkRzA+HBDkwmyOJYp5wXcsTrhxO0zq1U11cK9jsFg==}
    engines: {node: '>= 10.0.0'}
    cpu: [arm64]
    os: [linux]
    requiresBuild: true
    dev: false
    optional: true

  /@parcel/watcher-linux-x64-glibc@2.5.1:
    resolution: {integrity: sha512-GcESn8NZySmfwlTsIur+49yDqSny2IhPeZfXunQi48DMugKeZ7uy1FX83pO0X22sHntJ4Ub+9k34XQCX+oHt2A==}
    engines: {node: '>= 10.0.0'}
    cpu: [x64]
    os: [linux]
    requiresBuild: true
    dev: false
    optional: true

  /@parcel/watcher-linux-x64-musl@2.5.1:
    resolution: {integrity: sha512-n0E2EQbatQ3bXhcH2D1XIAANAcTZkQICBPVaxMeaCVBtOpBZpWJuf7LwyWPSBDITb7In8mqQgJ7gH8CILCURXg==}
    engines: {node: '>= 10.0.0'}
    cpu: [x64]
    os: [linux]
    requiresBuild: true
    dev: false
    optional: true

  /@parcel/watcher-win32-arm64@2.5.1:
    resolution: {integrity: sha512-RFzklRvmc3PkjKjry3hLF9wD7ppR4AKcWNzH7kXR7GUe0Igb3Nz8fyPwtZCSquGrhU5HhUNDr/mKBqj7tqA2Vw==}
    engines: {node: '>= 10.0.0'}
    cpu: [arm64]
    os: [win32]
    requiresBuild: true
    dev: false
    optional: true

  /@parcel/watcher-win32-ia32@2.5.1:
    resolution: {integrity: sha512-c2KkcVN+NJmuA7CGlaGD1qJh1cLfDnQsHjE89E60vUEMlqduHGCdCLJCID5geFVM0dOtA3ZiIO8BoEQmzQVfpQ==}
    engines: {node: '>= 10.0.0'}
    cpu: [ia32]
    os: [win32]
    requiresBuild: true
    dev: false
    optional: true

  /@parcel/watcher-win32-x64@2.5.1:
    resolution: {integrity: sha512-9lHBdJITeNR++EvSQVUcaZoWupyHfXe1jZvGZ06O/5MflPcuPLtEphScIBL+AiCWBO46tDSHzWyD0uDmmZqsgA==}
    engines: {node: '>= 10.0.0'}
    cpu: [x64]
    os: [win32]
    requiresBuild: true
    dev: false
    optional: true

  /@parcel/watcher@2.5.1:
    resolution: {integrity: sha512-dfUnCxiN9H4ap84DvD2ubjw+3vUNpstxa0TneY/Paat8a3R4uQZDLSvWjmznAY/DoahqTHl9V46HF/Zs3F29pg==}
    engines: {node: '>= 10.0.0'}
    requiresBuild: true
    dependencies:
      detect-libc: 1.0.3
      is-glob: 4.0.3
      micromatch: 4.0.8
      node-addon-api: 7.1.1
    optionalDependencies:
      '@parcel/watcher-android-arm64': 2.5.1
      '@parcel/watcher-darwin-arm64': 2.5.1
      '@parcel/watcher-darwin-x64': 2.5.1
      '@parcel/watcher-freebsd-x64': 2.5.1
      '@parcel/watcher-linux-arm-glibc': 2.5.1
      '@parcel/watcher-linux-arm-musl': 2.5.1
      '@parcel/watcher-linux-arm64-glibc': 2.5.1
      '@parcel/watcher-linux-arm64-musl': 2.5.1
      '@parcel/watcher-linux-x64-glibc': 2.5.1
      '@parcel/watcher-linux-x64-musl': 2.5.1
      '@parcel/watcher-win32-arm64': 2.5.1
      '@parcel/watcher-win32-ia32': 2.5.1
      '@parcel/watcher-win32-x64': 2.5.1
    dev: false

  /@standard-schema/spec@1.0.0:
    resolution: {integrity: sha512-m2bOd0f2RT9k8QJx1JN85cZYyH1RqFBdlwtkSlf4tBDYLCiiZnv1fIIwacK6cqwXavOydf0NPToMQgpKq+dVlA==}
    dev: false

  /@types/bun@1.2.18(@types/react@19.1.8):
    resolution: {integrity: sha512-Xf6RaWVheyemaThV0kUfaAUvCNokFr+bH8Jxp+tTZfx7dAPA8z9ePnP9S9+Vspzuxxx9JRAXhnyccRj3GyCMdQ==}
    dependencies:
      bun-types: 1.2.18(@types/react@19.1.8)
    transitivePeerDependencies:
      - '@types/react'
    dev: true

  /@types/node@24.0.14:
    resolution: {integrity: sha512-4zXMWD91vBLGRtHK3YbIoFMia+1nqEz72coM42C5ETjnNCa/heoj7NT1G67iAfOqMmcfhuCZ4uNpyz8EjlAejw==}
    dependencies:
      undici-types: 7.8.0
    dev: true

  /@types/react@19.1.8:
    resolution: {integrity: sha512-AwAfQ2Wa5bCx9WP8nZL2uMZWod7J7/JSplxbTmBQ5ms6QpqNYm672H0Vu9ZVKVngQ+ii4R/byguVEUZQyeg44g==}
    dependencies:
      csstype: 3.1.3
    dev: true

  /ansi-escapes@4.3.2:
    resolution: {integrity: sha512-gKXj5ALrKWQLsYG9jlTRmR/xKluxHV+Z9QEwNIgCfM1/uwPMCuzVVnh5mwTd+OuBZcwSIMbqssNWRm1lE51QaQ==}
    engines: {node: '>=8'}
    dependencies:
      type-fest: 0.21.3
    dev: false

  /ansi-regex@5.0.1:
    resolution: {integrity: sha512-quJQXlTSUGL2LH9SUXo8VwsY4soanhgo6LNSm84E1LBcE8s3O0wpdiRzyR9z/ZZJMlMWv37qOOb9pdJlMUEKFQ==}
    engines: {node: '>=8'}
    dev: false

  /ansi-styles@4.3.0:
    resolution: {integrity: sha512-zbB9rCJAT1rbjiVDb2hqKFHNYLxgtk8NURxZ3IZwD3F6NtxbXZQCnnSi1Lkx+IDohdPlFp222wVALIheZJQSEg==}
    engines: {node: '>=8'}
    dependencies:
      color-convert: 2.0.1
    dev: false

  /braces@3.0.3:
    resolution: {integrity: sha512-yQbXgO/OSZVD2IsiLlro+7Hf6Q18EJrKSEsdoMzKePKXct3gvD8oLcOQdIzGupr5Fj+EDe8gO/lxc1BzfMpxvA==}
    engines: {node: '>=8'}
    dependencies:
      fill-range: 7.1.1
    dev: false

  /bun-types@1.2.18(@types/react@19.1.8):
    resolution: {integrity: sha512-04+Eha5NP7Z0A9YgDAzMk5PHR16ZuLVa83b26kH5+cp1qZW4F6FmAURngE7INf4tKOvCE69vYvDEwoNl1tGiWw==}
    peerDependencies:
      '@types/react': ^19
    dependencies:
      '@types/node': 24.0.14
      '@types/react': 19.1.8
    dev: true

  /chardet@0.7.0:
    resolution: {integrity: sha512-mT8iDcrh03qDGRRmoA2hmBJnxpllMR+0/0qlzjqZES6NdiWDcZkCNAk4rPFZ9Q85r27unkiNNg8ZOiwZXBHwcA==}
    dev: false

  /cli-width@4.1.0:
    resolution: {integrity: sha512-ouuZd4/dm2Sw5Gmqy6bGyNNNe1qt9RpmxveLSO7KcgsTnU7RXfsw+/bukWGo1abgBiMAic068rclZsO4IWmmxQ==}
    engines: {node: '>= 12'}
    dev: false

  /clipboardy@4.0.0:
    resolution: {integrity: sha512-5mOlNS0mhX0707P2I0aZ2V/cmHUEO/fL7VFLqszkhUsxt7RwnmrInf/eEQKlf5GzvYeHIjT+Ov1HRfNmymlG0w==}
    engines: {node: '>=18'}
    dependencies:
      execa: 8.0.1
      is-wsl: 3.1.0
      is64bit: 2.0.0
    dev: false

  /color-convert@2.0.1:
    resolution: {integrity: sha512-RRECPsj7iu/xb5oKYcsFHSppFNnsj/52OVTRKb4zP5onXwVF3zVmmToNcOfGC+CRDpfK/U584fMg38ZHCaElKQ==}
    engines: {node: '>=7.0.0'}
    dependencies:
      color-name: 1.1.4
    dev: false

  /color-name@1.1.4:
    resolution: {integrity: sha512-dOy+3AuW3a2wNbZHIuMZpTcgjGuLU/uBL/ubcZF9OXbDo8ff4O8yVp5Bf0efS8uEoYo5q4Fx7dY9OgQGXgAsQA==}
    dev: false

  /cross-spawn@7.0.6:
    resolution: {integrity: sha512-uV2QOWP2nWzsy2aMp8aRibhi9dlzF5Hgh5SHaB9OiTGEyDTiJJyx0uy51QXdyWbtAHNua4XJzUKca3OzKUd3vA==}
    engines: {node: '>= 8'}
    dependencies:
      path-key: 3.1.1
      shebang-command: 2.0.0
      which: 2.0.2
    dev: false

  /csstype@3.1.3:
    resolution: {integrity: sha512-M1uQkMl8rQK/szD0LNhtqxIPLpimGm8sOBwU7lLnCpSbTyY3yeU1Vc7l4KT5zT4s/yOxHH5O7tIuuLOCnLADRw==}
    dev: true

  /detect-libc@1.0.3:
    resolution: {integrity: sha512-pGjwhsmsp4kL2RTz08wcOlGN83otlqHeD/Z5T8GXZB+/YcpQ/dgo+lbU8ZsGxV0HIvqqxo9l7mqYwyYMD9bKDg==}
    engines: {node: '>=0.10'}
    hasBin: true
    dev: false

  /detect-libc@2.0.4:
    resolution: {integrity: sha512-3UDv+G9CsCKO1WKMGw9fwq/SWJYbI0c5Y7LU1AXYoDdbhE2AHQ6N6Nb34sG8Fj7T5APy8qXDCKuuIHd1BR0tVA==}
    engines: {node: '>=8'}
    requiresBuild: true
    dev: false
    optional: true

  /effect@3.16.16:
    resolution: {integrity: sha512-q8jsuAJykQJJ9jDkR9VaAR1JeHnEDn49g6+LkveIcfW3nIPUJw6BrC9ZPaVCJWmU23vKoVj9XqJmC/EW8kiI8g==}
    dependencies:
      '@standard-schema/spec': 1.0.0
      fast-check: 3.23.2
    dev: false

  /emoji-regex@8.0.0:
    resolution: {integrity: sha512-MSjYzcWNOA0ewAHpz0MxpYFvwg6yjy1NG3xteoqz644VCo/RPgnr1/GGt+ic3iJTzQ8Eu3TdM14SawnVUmGE6A==}
    dev: false

  /execa@8.0.1:
    resolution: {integrity: sha512-VyhnebXciFV2DESc+p6B+y0LjSm0krU4OgJN44qFAhBY0TJ+1V61tYD2+wHusZ6F9n5K+vl8k0sTy7PEfV4qpg==}
    engines: {node: '>=16.17'}
    dependencies:
      cross-spawn: 7.0.6
      get-stream: 8.0.1
      human-signals: 5.0.0
      is-stream: 3.0.0
      merge-stream: 2.0.0
      npm-run-path: 5.3.0
      onetime: 6.0.0
      signal-exit: 4.1.0
      strip-final-newline: 3.0.0
    dev: false

  /external-editor@3.1.0:
    resolution: {integrity: sha512-hMQ4CX1p1izmuLYyZqLMO/qGNw10wSv9QDCPfzXfyFrOaCSSoRfqE1Kf1s5an66J5JZC62NewG+mK49jOCtQew==}
    engines: {node: '>=4'}
    dependencies:
      chardet: 0.7.0
      iconv-lite: 0.4.24
      tmp: 0.0.33
    dev: false

  /fast-check@3.23.2:
    resolution: {integrity: sha512-h5+1OzzfCC3Ef7VbtKdcv7zsstUQwUDlYpUTvjeUsJAssPgLn7QzbboPtL5ro04Mq0rPOsMzl7q5hIbRs2wD1A==}
    engines: {node: '>=8.0.0'}
    dependencies:
      pure-rand: 6.1.0
    dev: false

  /fast-fuzzy@1.12.0:
    resolution: {integrity: sha512-sXxGgHS+ubYpsdLnvOvJ9w5GYYZrtL9mkosG3nfuD446ahvoWEsSKBP7ieGmWIKVLnaxRDgUJkZMdxRgA2Ni+Q==}
    dependencies:
      graphemesplit: 2.6.0
    dev: false

  /fill-range@7.1.1:
    resolution: {integrity: sha512-YsGpe3WHLK8ZYi4tWDg2Jy3ebRz2rXowDxnld4bkQB00cc/1Zw9AWnC0i9ztDJitivtQvaI9KaLyKrc+hBW0yg==}
    engines: {node: '>=8'}
    dependencies:
      to-regex-range: 5.0.1
    dev: false

  /find-my-way-ts@0.1.6:
    resolution: {integrity: sha512-a85L9ZoXtNAey3Y6Z+eBWW658kO/MwR7zIafkIUPUMf3isZG0NCs2pjW2wtjxAKuJPxMAsHUIP4ZPGv0o5gyTA==}
    dev: false

  /get-stream@8.0.1:
    resolution: {integrity: sha512-VaUJspBffn/LMCJVoMvSAdmscJyS1auj5Zulnn5UoYcY531UWmdwhRWkcGKnGU93m5HSXP9LP2usOryrBtQowA==}
    engines: {node: '>=16'}
    dev: false

  /graphemesplit@2.6.0:
    resolution: {integrity: sha512-rG9w2wAfkpg0DILa1pjnjNfucng3usON360shisqIMUBw/87pojcBSrHmeE4UwryAuBih7g8m1oilf5/u8EWdQ==}
    dependencies:
      js-base64: 3.7.7
      unicode-trie: 2.0.0
    dev: false

  /graphql@15.10.1:
    resolution: {integrity: sha512-BL/Xd/T9baO6NFzoMpiMD7YUZ62R6viR5tp/MULVEnbYJXZA//kRNW7J0j1w/wXArgL0sCxhDfK5dczSKn3+cg==}
    engines: {node: '>= 10.x'}
    dev: false

  /human-signals@5.0.0:
    resolution: {integrity: sha512-AXcZb6vzzrFAUE61HnN4mpLqd/cSIwNQjtNWR0euPm6y0iqx3G4gOXaIDdtdDwZmhwe82LA6+zinmW4UBWVePQ==}
    engines: {node: '>=16.17.0'}
    dev: false

  /iconv-lite@0.4.24:
    resolution: {integrity: sha512-v3MXnZAcvnywkTUEZomIActle7RXXeedOR31wwl7VlyoXO4Qi9arvSenNQWne1TcRwhCL1HwLI21bEqdpj8/rA==}
    engines: {node: '>=0.10.0'}
    dependencies:
      safer-buffer: 2.1.2
    dev: false

  /ini@4.1.3:
    resolution: {integrity: sha512-X7rqawQBvfdjS10YU1y1YVreA3SsLrW9dX2CewP2EbBJM4ypVNLDkO5y04gejPwKIY9lR+7r9gn3rFPt/kmWFg==}
    engines: {node: ^14.17.0 || ^16.13.0 || >=18.0.0}
    dev: false

  /is-docker@3.0.0:
    resolution: {integrity: sha512-eljcgEDlEns/7AXFosB5K/2nCM4P7FQPkGc/DWLy5rmFEWvZayGrik1d9/QIY5nJ4f9YsVvBkA6kJpHn9rISdQ==}
    engines: {node: ^12.20.0 || ^14.13.1 || >=16.0.0}
    hasBin: true
    dev: false

  /is-extglob@2.1.1:
    resolution: {integrity: sha512-SbKbANkN603Vi4jEZv49LeVJMn4yGwsbzZworEoyEiutsN3nJYdbO36zfhGJ6QEDpOZIFkDtnq5JRxmvl3jsoQ==}
    engines: {node: '>=0.10.0'}
    dev: false

  /is-fullwidth-code-point@3.0.0:
    resolution: {integrity: sha512-zymm5+u+sCsSWyD9qNaejV3DFvhCKclKdizYaJUuHA83RLjb7nSuGnddCHGv0hk+KY7BMAlsWeK4Ueg6EV6XQg==}
    engines: {node: '>=8'}
    dev: false

  /is-glob@4.0.3:
    resolution: {integrity: sha512-xelSayHH36ZgE7ZWhli7pW34hNbNl8Ojv5KVmkJD4hBdD3th8Tfk9vYasLM+mXWOZhFkgZfxhLSnrwRr4elSSg==}
    engines: {node: '>=0.10.0'}
    dependencies:
      is-extglob: 2.1.1
    dev: false

  /is-inside-container@1.0.0:
    resolution: {integrity: sha512-KIYLCCJghfHZxqjYBE7rEy0OBuTd5xCHS7tHVgvCLkx7StIoaxwNW3hCALgEUjFfeRk+MG/Qxmp/vtETEF3tRA==}
    engines: {node: '>=14.16'}
    hasBin: true
    dependencies:
      is-docker: 3.0.0
    dev: false

  /is-number@7.0.0:
    resolution: {integrity: sha512-41Cifkg6e8TylSpdtTpeLVMqvSBEVzTttHvERD741+pnZ8ANv0004MRL43QKPDlK9cGvNp6NZWZUBlbGXYxxng==}
    engines: {node: '>=0.12.0'}
    dev: false

  /is-stream@3.0.0:
    resolution: {integrity: sha512-LnQR4bZ9IADDRSkvpqMGvt/tEJWclzklNgSw48V5EAaAeDd6qGvN8ei6k5p0tvxSR171VmGyHuTiAOfxAbr8kA==}
    engines: {node: ^12.20.0 || ^14.13.1 || >=16.0.0}
    dev: false

  /is-wsl@3.1.0:
    resolution: {integrity: sha512-UcVfVfaK4Sc4m7X3dUSoHoozQGBEFeDC+zVo06t98xe8CzHSZZBekNXH+tu0NalHolcJ/QAGqS46Hef7QXBIMw==}
    engines: {node: '>=16'}
    dependencies:
      is-inside-container: 1.0.0
    dev: false

  /is64bit@2.0.0:
    resolution: {integrity: sha512-jv+8jaWCl0g2lSBkNSVXdzfBA0npK1HGC2KtWM9FumFRoGS94g3NbCCLVnCYHLjp4GrW2KZeeSTMo5ddtznmGw==}
    engines: {node: '>=18'}
    dependencies:
      system-architecture: 0.1.0
    dev: false

  /isexe@2.0.0:
    resolution: {integrity: sha512-RHxMLp9lnKHGHRng9QFhRCMbYAcVpn69smSGcq3f36xjgVVWThj4qqLbTLlq7Ssj8B+fIQ1EuCEGI2lKsyQeIw==}
    dev: false

  /isomorphic-unfetch@3.1.0:
    resolution: {integrity: sha512-geDJjpoZ8N0kWexiwkX8F9NkTsXhetLPVbZFQ+JTW239QNOwvB0gniuR1Wc6f0AMTn7/mFGyXvHTifrCp/GH8Q==}
    dependencies:
      node-fetch: 2.7.0
      unfetch: 4.2.0
    transitivePeerDependencies:
      - encoding
    dev: false

  /js-base64@3.7.7:
    resolution: {integrity: sha512-7rCnleh0z2CkXhH67J8K1Ytz0b2Y+yxTPL+/KOJoa20hfnVQ/3/T6W/KflYI4bRHRagNeXeU2bkNGI3v1oS/lw==}
    dev: false

  /merge-stream@2.0.0:
    resolution: {integrity: sha512-abv/qOcuPfk3URPfDzmZU1LKmuw8kT+0nIHvKrKgFrwifol/doWcdA4ZqsWQ8ENrFKkd67Mfpo/LovbIUsbt3w==}
    dev: false

  /micromatch@4.0.8:
    resolution: {integrity: sha512-PXwfBhYu0hBCPw8Dn0E+WDYb7af3dSLVWKi3HGv84IdF4TyFoC0ysxFd0Goxw7nSv4T/PzEJQxsYsEiFCKo2BA==}
    engines: {node: '>=8.6'}
    dependencies:
      braces: 3.0.3
      picomatch: 2.3.1
    dev: false

  /mime@3.0.0:
    resolution: {integrity: sha512-jSCU7/VB1loIWBZe14aEYHU/+1UMEHoaO7qxCOVJOw9GgH72VAWppxNcjU+x9a2k3GSIBXNKxXQFqRvvZ7vr3A==}
    engines: {node: '>=10.0.0'}
    hasBin: true
    dev: false

  /mimic-fn@4.0.0:
    resolution: {integrity: sha512-vqiC06CuhBTUdZH+RYl8sFrL096vA45Ok5ISO6sE/Mr1jRbGH4Csnhi8f3wKVl7x8mO4Au7Ir9D3Oyv1VYMFJw==}
    engines: {node: '>=12'}
    dev: false

  /msgpackr-extract@3.0.3:
    resolution: {integrity: sha512-P0efT1C9jIdVRefqjzOQ9Xml57zpOXnIuS+csaB4MdZbTdmGDLo8XhzBG1N7aO11gKDDkJvBLULeFTo46wwreA==}
    hasBin: true
    requiresBuild: true
    dependencies:
      node-gyp-build-optional-packages: 5.2.2
    optionalDependencies:
      '@msgpackr-extract/msgpackr-extract-darwin-arm64': 3.0.3
      '@msgpackr-extract/msgpackr-extract-darwin-x64': 3.0.3
      '@msgpackr-extract/msgpackr-extract-linux-arm': 3.0.3
      '@msgpackr-extract/msgpackr-extract-linux-arm64': 3.0.3
      '@msgpackr-extract/msgpackr-extract-linux-x64': 3.0.3
      '@msgpackr-extract/msgpackr-extract-win32-x64': 3.0.3
    dev: false
    optional: true

  /msgpackr@1.11.5:
    resolution: {integrity: sha512-UjkUHN0yqp9RWKy0Lplhh+wlpdt9oQBYgULZOiFhV3VclSF1JnSQWZ5r9gORQlNYaUKQoR8itv7g7z1xDDuACA==}
    optionalDependencies:
      msgpackr-extract: 3.0.3
    dev: false

  /multipasta@0.2.7:
    resolution: {integrity: sha512-KPA58d68KgGil15oDqXjkUBEBYc00XvbPj5/X+dyzeo/lWm9Nc25pQRlf1D+gv4OpK7NM0J1odrbu9JNNGvynA==}
    dev: false

  /mute-stream@2.0.0:
    resolution: {integrity: sha512-WWdIxpyjEn+FhQJQQv9aQAYlHoNVdzIzUySNV1gHUPDSdZJ3yZn7pAAbQcV7B56Mvu881q9FZV+0Vx2xC44VWA==}
    engines: {node: ^18.17.0 || >=20.5.0}
    dev: false

  /node-addon-api@7.1.1:
    resolution: {integrity: sha512-5m3bsyrjFWE1xf7nz7YXdN4udnVtXK6/Yfgn5qnahL6bCkf2yKt4k3nuTKAtT4r3IG8JNR2ncsIMdZuAzJjHQQ==}
    dev: false

  /node-fetch@2.7.0:
    resolution: {integrity: sha512-c4FRfUm/dbcWZ7U+1Wq0AwCyFL+3nt2bEw05wfxSz+DWpWsitgmSgYmy2dQdWyKC1694ELPqMs/YzUSNozLt8A==}
    engines: {node: 4.x || >=6.0.0}
    peerDependencies:
      encoding: ^0.1.0
    peerDependenciesMeta:
      encoding:
        optional: true
    dependencies:
      whatwg-url: 5.0.0
    dev: false

  /node-gyp-build-optional-packages@5.2.2:
    resolution: {integrity: sha512-s+w+rBWnpTMwSFbaE0UXsRlg7hU4FjekKU4eyAih5T8nJuNZT1nNsskXpxmeqSK9UzkBl6UgRlnKc8hz8IEqOw==}
    hasBin: true
    requiresBuild: true
    dependencies:
      detect-libc: 2.0.4
    dev: false
    optional: true

  /npm-run-path@5.3.0:
    resolution: {integrity: sha512-ppwTtiJZq0O/ai0z7yfudtBpWIoxM8yE6nHi1X47eFR2EWORqfbu6CnPlNsjeN683eT0qG6H/Pyf9fCcvjnnnQ==}
    engines: {node: ^12.20.0 || ^14.13.1 || >=16.0.0}
    dependencies:
      path-key: 4.0.0
    dev: false

  /onetime@6.0.0:
    resolution: {integrity: sha512-1FlR+gjXK7X+AsAHso35MnyN5KqGwJRi/31ft6x0M194ht7S+rWAvd7PHss9xSKMzE0asv1pyIHaJYq+BbacAQ==}
    engines: {node: '>=12'}
    dependencies:
      mimic-fn: 4.0.0
    dev: false

  /os-tmpdir@1.0.2:
    resolution: {integrity: sha512-D2FR03Vir7FIu45XBY20mTb+/ZSWB00sjU9jdQXt83gDrI4Ztz5Fs7/yy74g2N5SVQY4xY1qDr4rNddwYRVX0g==}
    engines: {node: '>=0.10.0'}
    dev: false

  /pako@0.2.9:
    resolution: {integrity: sha512-NUcwaKxUxWrZLpDG+z/xZaCgQITkA/Dv4V/T6bw7VON6l1Xz/VnrBqrYjZQ12TamKHzITTfOEIYUj48y2KXImA==}
    dev: false

  /path-key@3.1.1:
    resolution: {integrity: sha512-ojmeN0qd+y0jszEtoY48r0Peq5dwMEkIlCOu6Q5f41lfkswXuKtYrhgoTpLnyIcHm24Uhqx+5Tqm2InSwLhE6Q==}
    engines: {node: '>=8'}
    dev: false

  /path-key@4.0.0:
    resolution: {integrity: sha512-haREypq7xkM7ErfgIyA0z+Bj4AGKlMSdlQE2jvJo6huWD1EdkKYV+G/T4nq0YEF2vgTT8kqMFKo1uHn950r4SQ==}
    engines: {node: '>=12'}
    dev: false

  /picomatch@2.3.1:
    resolution: {integrity: sha512-JU3teHTNjmE2VCGFzuY8EXzCDVwEqB2a8fsIvwaStHhAWJEeVd1o1QD80CU6+ZdEXXSLbSsuLwJjkCBWqRQUVA==}
    engines: {node: '>=8.6'}
    dev: false

  /pure-rand@6.1.0:
    resolution: {integrity: sha512-bVWawvoZoBYpp6yIoQtQXHZjmz35RSVHnUOTefl8Vcjr8snTPY1wnpSPMWekcFwbxI6gtmT7rSYPFvz71ldiOA==}
    dev: false

  /safer-buffer@2.1.2:
    resolution: {integrity: sha512-YZo3K82SD7Riyi0E1EQPojLz7kpepnSQI9IyPbHHg1XXXevb5dJI7tpyN2ADxGcQbHG7vcyRHk0cbwqcQriUtg==}
    dev: false

  /shebang-command@2.0.0:
    resolution: {integrity: sha512-kHxr2zZpYtdmrN1qDjrrX/Z1rR1kG8Dx+gkpK1G4eXmvXswmcE1hTWBWYUzlraYw1/yZp6YuDY77YtvbN0dmDA==}
    engines: {node: '>=8'}
    dependencies:
      shebang-regex: 3.0.0
    dev: false

  /shebang-regex@3.0.0:
    resolution: {integrity: sha512-7++dFhtcx3353uBaq8DDR4NuxBetBzC7ZQOhmTQInHEd6bSrXdiEyzCvG07Z44UYdLShWUyXt5M/yhz8ekcb1A==}
    engines: {node: '>=8'}
    dev: false

  /signal-exit@4.1.0:
    resolution: {integrity: sha512-bzyZ1e88w9O1iNJbKnOlvYTrWPDl46O1bG0D3XInv+9tkPrxrN8jUUTiFlDkkmKWgn1M6CfIA13SuGqOa9Korw==}
    engines: {node: '>=14'}
    dev: false

  /string-width@4.2.3:
    resolution: {integrity: sha512-wKyQRQpjJ0sIp62ErSZdGsjMJWsap5oRNihHhu6G7JVO/9jIB6UyevL+tXuOqrng8j/cxKTWyWUwvSTriiZz/g==}
    engines: {node: '>=8'}
    dependencies:
      emoji-regex: 8.0.0
      is-fullwidth-code-point: 3.0.0
      strip-ansi: 6.0.1
    dev: false

  /strip-ansi@6.0.1:
    resolution: {integrity: sha512-Y38VPSHcqkFrCpFnQ9vuSXmquuv5oXOKpGeT6aGrr3o3Gc9AlVa6JBfUSOCnbxGGZF+/0ooI7KrPuUSztUdU5A==}
    engines: {node: '>=8'}
    dependencies:
      ansi-regex: 5.0.1
    dev: false

  /strip-final-newline@3.0.0:
    resolution: {integrity: sha512-dOESqjYr96iWYylGObzd39EuNTa5VJxyvVAEm5Jnh7KGo75V43Hk1odPQkNDyXNmUR6k+gEiDVXnjB8HJ3crXw==}
    engines: {node: '>=12'}
    dev: false

  /system-architecture@0.1.0:
    resolution: {integrity: sha512-ulAk51I9UVUyJgxlv9M6lFot2WP3e7t8Kz9+IS6D4rVba1tR9kON+Ey69f+1R4Q8cd45Lod6a4IcJIxnzGc/zA==}
    engines: {node: '>=18'}
    dev: false

  /tiny-inflate@1.0.3:
    resolution: {integrity: sha512-pkY1fj1cKHb2seWDy0B16HeWyczlJA9/WW3u3c4z/NiWDsO3DOU5D7nhTLE9CF0yXv/QZFY7sEJmj24dK+Rrqw==}
    dev: false

  /tmp@0.0.33:
    resolution: {integrity: sha512-jRCJlojKnZ3addtTOjdIqoRuPEKBvNXcGYqzO6zWZX8KfKEpnGY5jfggJQ3EjKuu8D4bJRr0y+cYJFmYbImXGw==}
    engines: {node: '>=0.6.0'}
    dependencies:
      os-tmpdir: 1.0.2
    dev: false

  /to-regex-range@5.0.1:
    resolution: {integrity: sha512-65P7iz6X5yEr1cwcgvQxbbIw7Uk3gOy5dIdtZ4rDveLqhrdJP+Li/Hx6tyK0NEb+2GCyneCMJiGqrADCSNk8sQ==}
    engines: {node: '>=8.0'}
    dependencies:
      is-number: 7.0.0
    dev: false

  /toml@3.0.0:
    resolution: {integrity: sha512-y/mWCZinnvxjTKYhJ+pYxwD0mRLVvOtdS2Awbgxln6iEnt4rk0yBxeSBHkGJcPucRiG0e55mwWp+g/05rsrd6w==}
    dev: false

  /tr46@0.0.3:
    resolution: {integrity: sha512-N3WMsuqV66lT30CrXNbEjx4GEwlow3v6rr4mCcv6prnfwhS01rkgyFdjPNBYd9br7LpXV1+Emh01fHnq2Gdgrw==}
    dev: false

  /type-fest@0.21.3:
    resolution: {integrity: sha512-t0rzBq87m3fVcduHDUFhKmyyX+9eo6WQjZvf51Ea/M0Q7+T374Jp1aUiyUl0GKxp8M/OETVHSDvmkyPgvX+X2w==}
    engines: {node: '>=10'}
    dev: false

  /typescript@5.8.3:
    resolution: {integrity: sha512-p1diW6TqL9L07nNxvRMM7hMMw4c5XOo/1ibL4aAIGmSAt9slTE1Xgw5KWuof2uTOvCg9BY7ZRi+GaF+7sfgPeQ==}
    engines: {node: '>=14.17'}
    hasBin: true
    dev: false

  /undici-types@7.8.0:
    resolution: {integrity: sha512-9UJ2xGDvQ43tYyVMpuHlsgApydB8ZKfVYTsLDhXkFL/6gfkp+U8xTGdh8pMJv1SpZna0zxG1DwsKZsreLbXBxw==}
    dev: true

  /undici@7.11.0:
    resolution: {integrity: sha512-heTSIac3iLhsmZhUCjyS3JQEkZELateufzZuBaVM5RHXdSBMb1LPMQf5x+FH7qjsZYDP0ttAc3nnVpUB+wYbOg==}
    engines: {node: '>=20.18.1'}
    dev: false

  /unfetch@4.2.0:
    resolution: {integrity: sha512-F9p7yYCn6cIW9El1zi0HI6vqpeIvBsr3dSuRO6Xuppb1u5rXpCPmMvLSyECLhybr9isec8Ohl0hPekMVrEinDA==}
    dev: false

  /unicode-trie@2.0.0:
    resolution: {integrity: sha512-x7bc76x0bm4prf1VLg79uhAzKw8DVboClSN5VxJuQ+LKDOVEW9CdH+VY7SP+vX7xCYQqzzgQpFqz15zeLvAtZQ==}
    dependencies:
      pako: 0.2.9
      tiny-inflate: 1.0.3
    dev: false

  /uuid@11.1.0:
    resolution: {integrity: sha512-0/A9rDy9P7cJ+8w1c9WD9V//9Wj15Ce2MPz8Ri6032usz+NfePxx5AcN3bN+r6ZL6jEo066/yNYB3tn4pQEx+A==}
    hasBin: true
    dev: false

  /webidl-conversions@3.0.1:
    resolution: {integrity: sha512-2JAn3z8AR6rjK8Sm8orRC0h/bcl/DqL7tRPdGZ4I1CjdF+EaMLmYxBHyXuKL849eucPFhvBoxMsflfOb8kxaeQ==}
    dev: false

  /whatwg-url@5.0.0:
    resolution: {integrity: sha512-saE57nupxk6v3HY35+jzBwYa0rKSy0XR8JSxZPwgLr7ys0IBzhGviA1/TUGJLmSVqs8pb9AnvICXEuOHLprYTw==}
    dependencies:
      tr46: 0.0.3
      webidl-conversions: 3.0.1
    dev: false

  /which@2.0.2:
    resolution: {integrity: sha512-BLI3Tl1TW3Pvl70l3yq3Y64i+awpwXqsGBYWkkqMtnbXgrMD+yj7rhW0kuEDxzJaYXGjEW5ogapKNMEKNMjibA==}
    engines: {node: '>= 8'}
    hasBin: true
    dependencies:
      isexe: 2.0.0
    dev: false

  /wrap-ansi@6.2.0:
    resolution: {integrity: sha512-r6lPcBGxZXlIcymEu7InxDMhdW0KDxpLgoFLcguasxCaJ/SOIZwINatK9KY/tf+ZrlywOKU0UDj3ATXUBfxJXA==}
    engines: {node: '>=8'}
    dependencies:
      ansi-styles: 4.3.0
      string-width: 4.2.3
      strip-ansi: 6.0.1
    dev: false

  /ws@8.18.3:
    resolution: {integrity: sha512-PEIGCY5tSlUt50cqyMXfCzX+oOPqN0vuGqWzbcJ2xvnkzkq46oOpz7dQaTDBdfICb4N14+GARUDw2XV2N4tvzg==}
    engines: {node: '>=10.0.0'}
    peerDependencies:
      bufferutil: ^4.0.1
      utf-8-validate: '>=5.0.2'
    peerDependenciesMeta:
      bufferutil:
        optional: true
      utf-8-validate:
        optional: true
    dev: false

  /yaml@2.8.0:
    resolution: {integrity: sha512-4lLa/EcQCB0cJkyts+FpIRx5G/llPxfP6VQU5KByHEhLxY3IJCH0f0Hy1MHI8sClTvsIb8qwRJ6R/ZdlDJ/leQ==}
    engines: {node: '>= 14.6'}
    hasBin: true
    dev: false

  /yoctocolors-cjs@2.1.2:
    resolution: {integrity: sha512-cYVsTjKl8b+FrnidjibDWskAv7UKOfcwaVZdp/it9n1s9fU3IkgDbhdIRKCW4JDsAlECJY0ytoVPT3sK6kideA==}
    engines: {node: '>=18'}
    dev: false
